
Microsoft Visual Studio Solution File, Format Version 12.00
# Visual Studio 15
VisualStudioVersion = 15.0.28010.2046
MinimumVisualStudioVersion = 10.0.40219.1
Project("{FAE04EC0-301F-11D3-BF4B-00C04F79EFBC}") = "Hospital", "BigCompanyinc\Hospital.csproj", "{2FDD0CB3-0D60-4F7B-B074-86BD419AB9CC}"
EndProject
Global
	GlobalSection(SolutionConfigurationPlatforms) = preSolution
		Debug|Any CPU = Debug|Any CPU
		Release|Any CPU = Release|Any CPU
	EndGlobalSection
	GlobalSection(ProjectConfigurationPlatforms) = postSolution
		{2FDD0CB3-0D60-4F7B-B074-86BD419AB9CC}.Debug|Any CPU.ActiveCfg = Debug|Any CPU
		{2FDD0CB3-0D60-4F7B-B074-86BD419AB9CC}.Debug|Any CPU.Build.0 = Debug|Any CPU
		{2FDD0CB3-0D60-4F7B-B074-86BD419AB9CC}.Release|Any CPU.ActiveCfg = Release|Any CPU
		{2FDD0CB3-0D60-4F7B-B074-86BD419AB9CC}.Release|Any CPU.Build.0 = Release|Any CPU
	EndGlobalSection
	GlobalSection(SolutionProperties) = preSolution
		HideSolutionNode = FALSE
	EndGlobalSection
	GlobalSection(ExtensibilityGlobals) = postSolution
		SolutionGuid = {5EF50CB1-A375-4D7F-A62F-E7AE6A76423F}
	EndGlobalSection
EndGlobal
